{
  "version": 4,
  "terraform_version": "1.5.3",
  "serial": 1,
  "lineage": "84c5329c-d15b-539c-65fa-73f07f4a81fd",
  "outputs": {},
  "resources": [
    {
      "mode": "managed",
      "type": "aws_iam_user",
      "name": "my-users",
      "provider": "provider[\"registry.terraform.io/hashicorp/aws\"]",
      "instances": [
        {
          "schema_version": 0,
          "attributes": {
            "arn": "arn:aws:iam::292239449075:user/test-user",
            "force_destroy": null,
            "id": "test-user",
            "name": "test-user",
            "path": "/",
            "permissions_boundary": null,
            "tags": {},
            "tags_all": {},
            "unique_id": "AIDAUICWUDPZQAMB7676S"
          },
          "sensitive_attributes": [],
          "private": "eyJzY2hlbWFfdmVyc2lvbiI6IjAifQ=="
        }
      ]
    }
  ],
  "check_results": null
}
